
Microsoft Visual Studio Solution File, Format Version 12.00
# Visual Studio Version 16
VisualStudioVersion = 16.0.28917.182
MinimumVisualStudioVersion = 10.0.40219.1
Project("{9A19103F-16F7-4668-BE54-9A1E7A4F7556}") = "ToStringEx", "ToStringEx\ToStringEx.csproj", "{BB328C66-AB1C-448F-8419-EF22A5B9F638}"
EndProject
Project("{9A19103F-16F7-4668-BE54-9A1E7A4F7556}") = "ToStringEx.Test", "ToStringEx.Test\ToStringEx.Test.csproj", "{56D5F7F9-0A13-4593-9DDB-67CC1A1A1845}"
EndProject
Project("{9A19103F-16F7-4668-BE54-9A1E7A4F7556}") = "ToStringEx.Sample.CSharp", "ToStringEx.Sample.CSharp\ToStringEx.Sample.CSharp.csproj", "{4AAC0104-33F2-4D7D-9E81-CF4F4605A32D}"
EndProject
Project("{778DAE3C-4631-46EA-AA77-85C1314464D9}") = "ToStringEx.Sample.VB", "ToStringEx.Sample.VB\ToStringEx.Sample.VB.vbproj", "{B9C1DAA9-00AD-4B2B-96CB-A90C28944545}"
EndProject
Project("{9A19103F-16F7-4668-BE54-9A1E7A4F7556}") = "ToStringEx.Memory", "ToStringEx.Memory\ToStringEx.Memory.csproj", "{5DDF4315-1269-478E-8399-1F4352D291D8}"
EndProject
Project("{FAE04EC0-301F-11D3-BF4B-00C04F79EFBC}") = "ToStringEx.Reflection", "ToStringEx.Reflection\ToStringEx.Reflection.csproj", "{2E29F142-BE05-4311-A2B0-AB48AD0E666C}"
EndProject
Global
	GlobalSection(SolutionConfigurationPlatforms) = preSolution
		Debug|Any CPU = Debug|Any CPU
		Release|Any CPU = Release|Any CPU
	EndGlobalSection
	GlobalSection(ProjectConfigurationPlatforms) = postSolution
		{BB328C66-AB1C-448F-8419-EF22A5B9F638}.Debug|Any CPU.ActiveCfg = Debug|Any CPU
		{BB328C66-AB1C-448F-8419-EF22A5B9F638}.Debug|Any CPU.Build.0 = Debug|Any CPU
		{BB328C66-AB1C-448F-8419-EF22A5B9F638}.Release|Any CPU.ActiveCfg = Release|Any CPU
		{BB328C66-AB1C-448F-8419-EF22A5B9F638}.Release|Any CPU.Build.0 = Release|Any CPU
		{56D5F7F9-0A13-4593-9DDB-67CC1A1A1845}.Debug|Any CPU.ActiveCfg = Debug|Any CPU
		{56D5F7F9-0A13-4593-9DDB-67CC1A1A1845}.Debug|Any CPU.Build.0 = Debug|Any CPU
		{56D5F7F9-0A13-4593-9DDB-67CC1A1A1845}.Release|Any CPU.ActiveCfg = Release|Any CPU
		{56D5F7F9-0A13-4593-9DDB-67CC1A1A1845}.Release|Any CPU.Build.0 = Release|Any CPU
		{4AAC0104-33F2-4D7D-9E81-CF4F4605A32D}.Debug|Any CPU.ActiveCfg = Debug|Any CPU
		{4AAC0104-33F2-4D7D-9E81-CF4F4605A32D}.Debug|Any CPU.Build.0 = Debug|Any CPU
		{4AAC0104-33F2-4D7D-9E81-CF4F4605A32D}.Release|Any CPU.ActiveCfg = Release|Any CPU
		{4AAC0104-33F2-4D7D-9E81-CF4F4605A32D}.Release|Any CPU.Build.0 = Release|Any CPU
		{B9C1DAA9-00AD-4B2B-96CB-A90C28944545}.Debug|Any CPU.ActiveCfg = Debug|Any CPU
		{B9C1DAA9-00AD-4B2B-96CB-A90C28944545}.Debug|Any CPU.Build.0 = Debug|Any CPU
		{B9C1DAA9-00AD-4B2B-96CB-A90C28944545}.Release|Any CPU.ActiveCfg = Release|Any CPU
		{B9C1DAA9-00AD-4B2B-96CB-A90C28944545}.Release|Any CPU.Build.0 = Release|Any CPU
		{5DDF4315-1269-478E-8399-1F4352D291D8}.Debug|Any CPU.ActiveCfg = Debug|Any CPU
		{5DDF4315-1269-478E-8399-1F4352D291D8}.Debug|Any CPU.Build.0 = Debug|Any CPU
		{5DDF4315-1269-478E-8399-1F4352D291D8}.Release|Any CPU.ActiveCfg = Release|Any CPU
		{5DDF4315-1269-478E-8399-1F4352D291D8}.Release|Any CPU.Build.0 = Release|Any CPU
		{2E29F142-BE05-4311-A2B0-AB48AD0E666C}.Debug|Any CPU.ActiveCfg = Debug|Any CPU
		{2E29F142-BE05-4311-A2B0-AB48AD0E666C}.Debug|Any CPU.Build.0 = Debug|Any CPU
		{2E29F142-BE05-4311-A2B0-AB48AD0E666C}.Release|Any CPU.ActiveCfg = Release|Any CPU
		{2E29F142-BE05-4311-A2B0-AB48AD0E666C}.Release|Any CPU.Build.0 = Release|Any CPU
	EndGlobalSection
	GlobalSection(SolutionProperties) = preSolution
		HideSolutionNode = FALSE
	EndGlobalSection
	GlobalSection(ExtensibilityGlobals) = postSolution
		SolutionGuid = {576C5C9F-2AE0-4533-A69C-F50D6830035F}
	EndGlobalSection
EndGlobal
